
Microsoft Visual Studio Solution File, Format Version 12.00
# Visual Studio Version 17
VisualStudioVersion = 17.9.34622.214
MinimumVisualStudioVersion = 10.0.40219.1
Project("{9A19103F-16F7-4668-BE54-9A1E7A4F7556}") = "ParkingDucate.api", "ParkingDucate\ParkingDucate.api.csproj", "{144DE114-830D-461E-A79C-179E99D509C7}"
EndProject
Project("{2150E333-8FDC-42A3-9474-1A3956D46DE8}") = "1 - API", "1 - API", "{84DF1E15-25D1-41F3-B195-9C3E9A96FC0C}"
EndProject
Project("{2150E333-8FDC-42A3-9474-1A3956D46DE8}") = "2 - Domain", "2 - Domain", "{D331580A-037C-4E13-A7AB-4287EDAAE298}"
EndProject
Project("{9A19103F-16F7-4668-BE54-9A1E7A4F7556}") = "ParkingDucate.Domain", "ParkingDucate.Domain\ParkingDucate.Domain.csproj", "{52910189-32AA-4B99-8628-02383C24DC10}"
EndProject
Global
	GlobalSection(SolutionConfigurationPlatforms) = preSolution
		Debug|Any CPU = Debug|Any CPU
		Release|Any CPU = Release|Any CPU
	EndGlobalSection
	GlobalSection(ProjectConfigurationPlatforms) = postSolution
		{144DE114-830D-461E-A79C-179E99D509C7}.Debug|Any CPU.ActiveCfg = Debug|Any CPU
		{144DE114-830D-461E-A79C-179E99D509C7}.Debug|Any CPU.Build.0 = Debug|Any CPU
		{144DE114-830D-461E-A79C-179E99D509C7}.Release|Any CPU.ActiveCfg = Release|Any CPU
		{144DE114-830D-461E-A79C-179E99D509C7}.Release|Any CPU.Build.0 = Release|Any CPU
		{52910189-32AA-4B99-8628-02383C24DC10}.Debug|Any CPU.ActiveCfg = Debug|Any CPU
		{52910189-32AA-4B99-8628-02383C24DC10}.Debug|Any CPU.Build.0 = Debug|Any CPU
		{52910189-32AA-4B99-8628-02383C24DC10}.Release|Any CPU.ActiveCfg = Release|Any CPU
		{52910189-32AA-4B99-8628-02383C24DC10}.Release|Any CPU.Build.0 = Release|Any CPU
	EndGlobalSection
	GlobalSection(SolutionProperties) = preSolution
		HideSolutionNode = FALSE
	EndGlobalSection
	GlobalSection(NestedProjects) = preSolution
		{144DE114-830D-461E-A79C-179E99D509C7} = {84DF1E15-25D1-41F3-B195-9C3E9A96FC0C}
		{52910189-32AA-4B99-8628-02383C24DC10} = {D331580A-037C-4E13-A7AB-4287EDAAE298}
	EndGlobalSection
	GlobalSection(ExtensibilityGlobals) = postSolution
		SolutionGuid = {F805BD07-38B3-450A-B70D-28E1B0A8B003}
	EndGlobalSection
EndGlobal
